{
  "name": "lit-element-ts",
  "version": "0.0.0",
  "lockfileVersion": 2,
  "requires": true,
  "packages": {
    "": {
      "name": "lit-element-ts",
      "version": "0.0.0",
      "dependencies": {
        "@material/mwc-icon-button": "^0.22.1",
        "lit": "*",
        "lit": "*",
        "monaco-editor": "^0.26.1"
      },
      "devDependencies": {
        "@types/node": "^16.4.7",
        "typescript": "^4.3.2",
        "vite": "^2.4.4"
      }
    },
    "node_modules/@lit/reactive-element": {
      "version": "1.0.0-rc.2",
      "resolved": "https://registry.npmjs.org/@lit/reactive-element/-/reactive-element-1.0.0-rc.2.tgz",
      "integrity": "sha512-cujeIl5Ei8FC7UHf4/4Q3bRJOtdTe1vpJV/JEBYCggedmQ+2P8A2oz7eE+Vxi6OJ4nc0X+KZxXnBoH4QrEbmEQ=="
    },
    "node_modules/@material/animation": {
      "version": "12.0.0-canary.22d29cbb4.0",
      "resolved": "https://registry.npmjs.org/@material/animation/-/animation-12.0.0-canary.22d29cbb4.0.tgz",
      "integrity": "sha512-R1QbY4fC6RBOoi4Dq/3yuD5OK0ts02WxGt1JXaddsdnO6szZJcfXm2aiCweU1GUpchoah+YzDBJrsmSoqFCKIg==",
      "dependencies": {
        "tslib": "^2.1.0"
      }
    },
    "node_modules/@material/base": {
      "version": "12.0.0-canary.22d29cbb4.0",
      "resolved": "https://registry.npmjs.org/@material/base/-/base-12.0.0-canary.22d29cbb4.0.tgz",
      "integrity": "sha512-bCxGPqFQPh3rfBdqG+UvlrnRPSP2CzHhn0f44NqELY/SkmujIfS30rJOX965IKoD6lGdKWIfi/sAm03I81pZ7g==",
      "dependencies": {
        "tslib": "^2.1.0"
      }
    },
    "node_modules/@material/dom": {
      "version": "12.0.0-canary.22d29cbb4.0",
      "resolved": "https://registry.npmjs.org/@material/dom/-/dom-12.0.0-canary.22d29cbb4.0.tgz",
      "integrity": "sha512-9XvFE2OuOZizYXF3ptyMcJuN/JHZA4vKq5lPLrIbcTXnd4DzJ7L4JrMcMb75xfjugxj8uaXjdfI62gwHfzP/aw==",
      "dependencies": {
        "@material/feature-targeting": "12.0.0-canary.22d29cbb4.0",
        "tslib": "^2.1.0"
      }
    },
    "node_modules/@material/feature-targeting": {
      "version": "12.0.0-canary.22d29cbb4.0",
      "resolved": "https://registry.npmjs.org/@material/feature-targeting/-/feature-targeting-12.0.0-canary.22d29cbb4.0.tgz",
      "integrity": "sha512-e72VDSIMrwF5aX4rkQcO1AHewX/ydWOujFtMBk4QD/asyDPKBv+bKwO6f/msM+Wqen8I+DbHC0PH/2K15gQ3pQ==",
      "dependencies": {
        "tslib": "^2.1.0"
      }
    },
    "node_modules/@material/mwc-base": {
      "version": "0.22.1",
      "resolved": "https://registry.npmjs.org/@material/mwc-base/-/mwc-base-0.22.1.tgz",
      "integrity": "sha512-KtQf4lQUoTQuetfhfRbVJhsXVcpX74LP4JI/cLmx+SGbpG+pXXWf6VI2MvZY2UoHVEkldqPHndeuqctBoY7vgg==",
      "dependencies": {
        "@material/base": "=12.0.0-canary.22d29cbb4.0",
        "@material/dom": "=12.0.0-canary.22d29cbb4.0",
        "lit-element": "^2.5.1",
        "tslib": "^2.0.1"
      }
    },
    "node_modules/@material/mwc-icon-button": {
      "version": "0.22.1",
      "resolved": "https://registry.npmjs.org/@material/mwc-icon-button/-/mwc-icon-button-0.22.1.tgz",
      "integrity": "sha512-UHwWwzn9LrAKFmQLuKSMQZe1m+X0Xi//xAhLiIBOHaXyEH3QxmKr7pR82e8HQPc42+jUAxKUFmohMrppG6Dmcg==",
      "dependencies": {
        "@material/mwc-ripple": "^0.22.1",
        "lit-element": "^2.5.1",
        "tslib": "^2.0.1"
      }
    },
    "node_modules/@material/mwc-ripple": {
      "version": "0.22.1",
      "resolved": "https://registry.npmjs.org/@material/mwc-ripple/-/mwc-ripple-0.22.1.tgz",
      "integrity": "sha512-QQyWWPBZ6veWNbBMWo8WQw0iY9QUjLLANorug8mPHv13ETdhwVUUozeKOY0ZCXWupNlqtap1Gd0IQjv6HVRMjA==",
      "dependencies": {
        "@material/dom": "=12.0.0-canary.22d29cbb4.0",
        "@material/mwc-base": "^0.22.1",
        "@material/ripple": "=12.0.0-canary.22d29cbb4.0",
        "lit-element": "^2.5.1",
        "lit-html": "^1.4.1",
        "tslib": "^2.0.1"
      }
    },
    "node_modules/@material/ripple": {
      "version": "12.0.0-canary.22d29cbb4.0",
      "resolved": "https://registry.npmjs.org/@material/ripple/-/ripple-12.0.0-canary.22d29cbb4.0.tgz",
      "integrity": "sha512-IzBtXi4EWx27Hkfd5Zkx/MrZAXJZe0AAQCo37Etl/af0/aJPIOyCOdHQiwoK2FqRH71pmNfUGrUWOeUxFyaSdw==",
      "dependencies": {
        "@material/animation": "12.0.0-canary.22d29cbb4.0",
        "@material/base": "12.0.0-canary.22d29cbb4.0",
        "@material/dom": "12.0.0-canary.22d29cbb4.0",
        "@material/feature-targeting": "12.0.0-canary.22d29cbb4.0",
        "@material/theme": "12.0.0-canary.22d29cbb4.0",
        "tslib": "^2.1.0"
      }
    },
    "node_modules/@material/theme": {
      "version": "12.0.0-canary.22d29cbb4.0",
      "resolved": "https://registry.npmjs.org/@material/theme/-/theme-12.0.0-canary.22d29cbb4.0.tgz",
      "integrity": "sha512-r4xYCgc+CrbvDxCINVqXwAFWQ1WgV3s2+bUse/2iw53YqyemhhtzFjfp+DXLdC4zJSOuObWC45eaDKeseLMGMw==",
      "dependencies": {
        "@material/feature-targeting": "12.0.0-canary.22d29cbb4.0",
        "tslib": "^2.1.0"
      }
    },
    "node_modules/@types/node": {
      "version": "16.4.7",
      "resolved": "https://registry.npmjs.org/@types/node/-/node-16.4.7.tgz",
      "integrity": "sha512-aDDY54sst8sx47CWT6QQqIZp45yURq4dic0+HCYfYNcY5Ejlb/CLmFnRLfy3wQuYafOeh3lB/DAKaqRKBtcZmA==",
      "dev": true
    },
    "node_modules/@types/trusted-types": {
      "version": "1.0.6",
      "resolved": "https://registry.npmjs.org/@types/trusted-types/-/trusted-types-1.0.6.tgz",
      "integrity": "sha512-230RC8sFeHoT6sSUlRO6a8cAnclO06eeiq1QDfiv2FGCLWFvvERWgwIQD4FWqD9A69BN7Lzee4OXwoMVnnsWDw=="
    },
    "node_modules/colorette": {
      "version": "1.2.2",
      "resolved": "https://registry.npmjs.org/colorette/-/colorette-1.2.2.tgz",
      "integrity": "sha512-MKGMzyfeuutC/ZJ1cba9NqcNpfeqMUcYmyF1ZFY6/Cn7CNSAKx6a+s48sqLqyAiZuaP2TcqMhoo+dlwFnVxT9w==",
      "dev": true
    },
    "node_modules/esbuild": {
      "version": "0.12.17",
      "resolved": "https://registry.npmjs.org/esbuild/-/esbuild-0.12.17.tgz",
      "integrity": "sha512-GshKJyVYUnlSXIZj/NheC2O0Kblh42CS7P1wJyTbbIHevTG4jYMS9NNw8EOd8dDWD0dzydYHS01MpZoUcQXB4g==",
      "dev": true,
      "hasInstallScript": true,
      "bin": {
        "esbuild": "bin/esbuild"
      }
    },
    "node_modules/fsevents": {
      "version": "2.3.2",
      "resolved": "https://registry.npmjs.org/fsevents/-/fsevents-2.3.2.tgz",
      "integrity": "sha512-xiqMQR4xAeHTuB9uWm+fFRcIOgKBMiOBP+eXiyT7jsgVCq1bkVygt00oASowB7EdtpOHaaPgKt812P9ab+DDKA==",
      "dev": true,
      "hasInstallScript": true,
      "optional": true,
      "os": [
        "darwin"
      ],
      "engines": {
        "node": "^8.16.0 || ^10.6.0 || >=11.0.0"
      }
    },
    "node_modules/function-bind": {
      "version": "1.1.1",
      "resolved": "https://registry.npmjs.org/function-bind/-/function-bind-1.1.1.tgz",
      "integrity": "sha512-yIovAzMX49sF8Yl58fSCWJ5svSLuaibPxXQJFLmBObTuCr0Mf1KiPopGM9NiFjiYBCbfaa2Fh6breQ6ANVTI0A==",
      "dev": true
    },
    "node_modules/has": {
      "version": "1.0.3",
      "resolved": "https://registry.npmjs.org/has/-/has-1.0.3.tgz",
      "integrity": "sha512-f2dvO0VU6Oej7RkWJGrehjbzMAjFp5/VKPp5tTpWIV4JHHZK1/BxbFRtf/siA2SWTe09caDmVtYYzWEIbBS4zw==",
      "dev": true,
      "dependencies": {
        "function-bind": "^1.1.1"
      },
      "engines": {
        "node": ">= 0.4.0"
      }
    },
    "node_modules/is-core-module": {
      "version": "2.5.0",
      "resolved": "https://registry.npmjs.org/is-core-module/-/is-core-module-2.5.0.tgz",
      "integrity": "sha512-TXCMSDsEHMEEZ6eCA8rwRDbLu55MRGmrctljsBX/2v1d9/GzqHOxW5c5oPSgrUt2vBFXebu9rGqckXGPWOlYpg==",
      "dev": true,
      "dependencies": {
        "has": "^1.0.3"
      },
      "funding": {
        "url": "https://github.com/sponsors/ljharb"
      }
    },
    "node_modules/lit": {
      "version": "2.0.0-rc.2",
      "resolved": "https://registry.npmjs.org/lit/-/lit-2.0.0-rc.2.tgz",
      "integrity": "sha512-BOCuoJR04WaTV8UqTKk09cNcQA10Aq2LCcBOiHuF7TzWH5RNDsbCBP5QM9sLBSotGTXbDug/gFO08jq6TbyEtw==",
      "dependencies": {
        "@lit/reactive-element": "^1.0.0-rc.2",
        "lit-element": "^3.0.0-rc.2",
        "lit-html": "^2.0.0-rc.3"
      }
    },
    "node_modules/lit-element": {
      "version": "2.5.1",
      "resolved": "https://registry.npmjs.org/lit-element/-/lit-element-2.5.1.tgz",
      "integrity": "sha512-ogu7PiJTA33bEK0xGu1dmaX5vhcRjBXCFexPja0e7P7jqLhTpNKYRPmE+GmiCaRVAbiQKGkUgkh/i6+bh++dPQ==",
      "dependencies": {
        "lit-html": "^1.1.1"
      }
    },
    "node_modules/lit-html": {
      "version": "1.4.1",
      "resolved": "https://registry.npmjs.org/lit-html/-/lit-html-1.4.1.tgz",
      "integrity": "sha512-B9btcSgPYb1q4oSOb/PrOT6Z/H+r6xuNzfH4lFli/AWhYwdtrgQkQWBbIc6mdnf6E2IL3gDXdkkqNktpU0OZQA=="
    },
    "node_modules/lit/node_modules/lit-element": {
      "version": "3.0.0-rc.2",
      "resolved": "https://registry.npmjs.org/lit-element/-/lit-element-3.0.0-rc.2.tgz",
      "integrity": "sha512-2Z7DabJ3b5K+p5073vFjMODoaWqy5PIaI4y6ADKm+fCGc8OnX9fU9dMoUEBZjFpd/bEFR9PBp050tUtBnT9XTQ==",
      "dependencies": {
        "@lit/reactive-element": "^1.0.0-rc.2",
        "lit-html": "^2.0.0-rc.3"
      }
    },
    "node_modules/lit/node_modules/lit-html": {
      "version": "2.0.0-rc.3",
      "resolved": "https://registry.npmjs.org/lit-html/-/lit-html-2.0.0-rc.3.tgz",
      "integrity": "sha512-Y6P8LlAyQuqvzq6l/Nc4z5/P5M/rVLYKQIRxcNwSuGajK0g4kbcBFQqZmgvqKG+ak+dHZjfm2HUw9TF5N/pkCw==",
      "dependencies": {
        "@types/trusted-types": "^1.0.1"
      }
    },
    "node_modules/monaco-editor": {
      "version": "0.26.1",
      "resolved": "https://registry.npmjs.org/monaco-editor/-/monaco-editor-0.26.1.tgz",
      "integrity": "sha512-mm45nUrBDk0DgZKgbD7+bhDOtcAFNGPJJRAdS6Su1kTGl6XEgC7U3xOmDUW/0RrLf+jlvCGaqLvD4p2VjwuwwQ=="
    },
    "node_modules/nanoid": {
      "version": "3.1.23",
      "resolved": "https://registry.npmjs.org/nanoid/-/nanoid-3.1.23.tgz",
      "integrity": "sha512-FiB0kzdP0FFVGDKlRLEQ1BgDzU87dy5NnzjeW9YZNt+/c3+q82EQDUwniSAUxp/F0gFNI1ZhKU1FqYsMuqZVnw==",
      "dev": true,
      "bin": {
        "nanoid": "bin/nanoid.cjs"
      },
      "engines": {
        "node": "^10 || ^12 || ^13.7 || ^14 || >=15.0.1"
      }
    },
    "node_modules/path-parse": {
      "version": "1.0.7",
      "resolved": "https://registry.npmjs.org/path-parse/-/path-parse-1.0.7.tgz",
      "integrity": "sha512-LDJzPVEEEPR+y48z93A0Ed0yXb8pAByGWo/k5YYdYgpY2/2EsOsksJrq7lOHxryrVOn1ejG6oAp8ahvOIQD8sw==",
      "dev": true
    },
    "node_modules/postcss": {
      "version": "8.3.6",
      "resolved": "https://registry.npmjs.org/postcss/-/postcss-8.3.6.tgz",
      "integrity": "sha512-wG1cc/JhRgdqB6WHEuyLTedf3KIRuD0hG6ldkFEZNCjRxiC+3i6kkWUUbiJQayP28iwG35cEmAbe98585BYV0A==",
      "dev": true,
      "dependencies": {
        "colorette": "^1.2.2",
        "nanoid": "^3.1.23",
        "source-map-js": "^0.6.2"
      },
      "engines": {
        "node": "^10 || ^12 || >=14"
      },
      "funding": {
        "type": "opencollective",
        "url": "https://opencollective.com/postcss/"
      }
    },
    "node_modules/resolve": {
      "version": "1.20.0",
      "resolved": "https://registry.npmjs.org/resolve/-/resolve-1.20.0.tgz",
      "integrity": "sha512-wENBPt4ySzg4ybFQW2TT1zMQucPK95HSh/nq2CFTZVOGut2+pQvSsgtda4d26YrYcr067wjbmzOG8byDPBX63A==",
      "dev": true,
      "dependencies": {
        "is-core-module": "^2.2.0",
        "path-parse": "^1.0.6"
      },
      "funding": {
        "url": "https://github.com/sponsors/ljharb"
      }
    },
    "node_modules/rollup": {
      "version": "2.55.1",
      "resolved": "https://registry.npmjs.org/rollup/-/rollup-2.55.1.tgz",
      "integrity": "sha512-1P9w5fpb6b4qroePh8vHKGIvPNxwoCQhjJpIqfZGHLKpZ0xcU2/XBmFxFbc9697/6bmHpmFTLk5R1dAQhFSo0g==",
      "dev": true,
      "bin": {
        "rollup": "dist/bin/rollup"
      },
      "engines": {
        "node": ">=10.0.0"
      },
      "optionalDependencies": {
        "fsevents": "~2.3.2"
      }
    },
    "node_modules/source-map-js": {
      "version": "0.6.2",
      "resolved": "https://registry.npmjs.org/source-map-js/-/source-map-js-0.6.2.tgz",
      "integrity": "sha512-/3GptzWzu0+0MBQFrDKzw/DvvMTUORvgY6k6jd/VS6iCR4RDTKWH6v6WPwQoUO8667uQEf9Oe38DxAYWY5F/Ug==",
      "dev": true,
      "engines": {
        "node": ">=0.10.0"
      }
    },
    "node_modules/tslib": {
      "version": "2.3.0",
      "resolved": "https://registry.npmjs.org/tslib/-/tslib-2.3.0.tgz",
      "integrity": "sha512-N82ooyxVNm6h1riLCoyS9e3fuJ3AMG2zIZs2Gd1ATcSFjSA23Q0fzjjZeh0jbJvWVDZ0cJT8yaNNaaXHzueNjg=="
    },
    "node_modules/typescript": {
      "version": "4.3.5",
      "resolved": "https://registry.npmjs.org/typescript/-/typescript-4.3.5.tgz",
      "integrity": "sha512-DqQgihaQ9cUrskJo9kIyW/+g0Vxsk8cDtZ52a3NGh0YNTfpUSArXSohyUGnvbPazEPLu398C0UxmKSOrPumUzA==",
      "dev": true,
      "bin": {
        "tsc": "bin/tsc",
        "tsserver": "bin/tsserver"
      },
      "engines": {
        "node": ">=4.2.0"
      }
    },
    "node_modules/vite": {
      "version": "2.4.4",
      "resolved": "https://registry.npmjs.org/vite/-/vite-2.4.4.tgz",
      "integrity": "sha512-m1wK6pFJKmaYA6AeZIUXyiAgUAAJzVXhIMYCdZUpCaFMGps0v0IlNJtbmPvkUhVEyautalajmnW5X6NboUPsnw==",
      "dev": true,
      "dependencies": {
        "esbuild": "^0.12.8",
        "postcss": "^8.3.6",
        "resolve": "^1.20.0",
        "rollup": "^2.38.5"
      },
      "bin": {
        "vite": "bin/vite.js"
      },
      "engines": {
        "node": ">=12.0.0"
      },
      "optionalDependencies": {
        "fsevents": "~2.3.2"
      }
    }
  },
  "dependencies": {
    "@lit/reactive-element": {
      "version": "1.0.0-rc.2",
      "resolved": "https://registry.npmjs.org/@lit/reactive-element/-/reactive-element-1.0.0-rc.2.tgz",
      "integrity": "sha512-cujeIl5Ei8FC7UHf4/4Q3bRJOtdTe1vpJV/JEBYCggedmQ+2P8A2oz7eE+Vxi6OJ4nc0X+KZxXnBoH4QrEbmEQ=="
    },
    "@material/animation": {
      "version": "12.0.0-canary.22d29cbb4.0",
      "resolved": "https://registry.npmjs.org/@material/animation/-/animation-12.0.0-canary.22d29cbb4.0.tgz",
      "integrity": "sha512-R1QbY4fC6RBOoi4Dq/3yuD5OK0ts02WxGt1JXaddsdnO6szZJcfXm2aiCweU1GUpchoah+YzDBJrsmSoqFCKIg==",
      "requires": {
        "tslib": "^2.1.0"
      }
    },
    "@material/base": {
      "version": "12.0.0-canary.22d29cbb4.0",
      "resolved": "https://registry.npmjs.org/@material/base/-/base-12.0.0-canary.22d29cbb4.0.tgz",
      "integrity": "sha512-bCxGPqFQPh3rfBdqG+UvlrnRPSP2CzHhn0f44NqELY/SkmujIfS30rJOX965IKoD6lGdKWIfi/sAm03I81pZ7g==",
      "requires": {
        "tslib": "^2.1.0"
      }
    },
    "@material/dom": {
      "version": "12.0.0-canary.22d29cbb4.0",
      "resolved": "https://registry.npmjs.org/@material/dom/-/dom-12.0.0-canary.22d29cbb4.0.tgz",
      "integrity": "sha512-9XvFE2OuOZizYXF3ptyMcJuN/JHZA4vKq5lPLrIbcTXnd4DzJ7L4JrMcMb75xfjugxj8uaXjdfI62gwHfzP/aw==",
      "requires": {
        "@material/feature-targeting": "12.0.0-canary.22d29cbb4.0",
        "tslib": "^2.1.0"
      }
    },
    "@material/feature-targeting": {
      "version": "12.0.0-canary.22d29cbb4.0",
      "resolved": "https://registry.npmjs.org/@material/feature-targeting/-/feature-targeting-12.0.0-canary.22d29cbb4.0.tgz",
      "integrity": "sha512-e72VDSIMrwF5aX4rkQcO1AHewX/ydWOujFtMBk4QD/asyDPKBv+bKwO6f/msM+Wqen8I+DbHC0PH/2K15gQ3pQ==",
      "requires": {
        "tslib": "^2.1.0"
      }
    },
    "@material/mwc-base": {
      "version": "0.22.1",
      "resolved": "https://registry.npmjs.org/@material/mwc-base/-/mwc-base-0.22.1.tgz",
      "integrity": "sha512-KtQf4lQUoTQuetfhfRbVJhsXVcpX74LP4JI/cLmx+SGbpG+pXXWf6VI2MvZY2UoHVEkldqPHndeuqctBoY7vgg==",
      "requires": {
        "@material/base": "=12.0.0-canary.22d29cbb4.0",
        "@material/dom": "=12.0.0-canary.22d29cbb4.0",
        "lit-element": "^2.5.1",
        "tslib": "^2.0.1"
      }
    },
    "@material/mwc-icon-button": {
      "version": "0.22.1",
      "resolved": "https://registry.npmjs.org/@material/mwc-icon-button/-/mwc-icon-button-0.22.1.tgz",
      "integrity": "sha512-UHwWwzn9LrAKFmQLuKSMQZe1m+X0Xi//xAhLiIBOHaXyEH3QxmKr7pR82e8HQPc42+jUAxKUFmohMrppG6Dmcg==",
      "requires": {
        "@material/mwc-ripple": "^0.22.1",
        "lit-element": "^2.5.1",
        "tslib": "^2.0.1"
      }
    },
    "@material/mwc-ripple": {
      "version": "0.22.1",
      "resolved": "https://registry.npmjs.org/@material/mwc-ripple/-/mwc-ripple-0.22.1.tgz",
      "integrity": "sha512-QQyWWPBZ6veWNbBMWo8WQw0iY9QUjLLANorug8mPHv13ETdhwVUUozeKOY0ZCXWupNlqtap1Gd0IQjv6HVRMjA==",
      "requires": {
        "@material/dom": "=12.0.0-canary.22d29cbb4.0",
        "@material/mwc-base": "^0.22.1",
        "@material/ripple": "=12.0.0-canary.22d29cbb4.0",
        "lit-element": "^2.5.1",
        "lit-html": "^1.4.1",
        "tslib": "^2.0.1"
      }
    },
    "@material/ripple": {
      "version": "12.0.0-canary.22d29cbb4.0",
      "resolved": "https://registry.npmjs.org/@material/ripple/-/ripple-12.0.0-canary.22d29cbb4.0.tgz",
      "integrity": "sha512-IzBtXi4EWx27Hkfd5Zkx/MrZAXJZe0AAQCo37Etl/af0/aJPIOyCOdHQiwoK2FqRH71pmNfUGrUWOeUxFyaSdw==",
      "requires": {
        "@material/animation": "12.0.0-canary.22d29cbb4.0",
        "@material/base": "12.0.0-canary.22d29cbb4.0",
        "@material/dom": "12.0.0-canary.22d29cbb4.0",
        "@material/feature-targeting": "12.0.0-canary.22d29cbb4.0",
        "@material/theme": "12.0.0-canary.22d29cbb4.0",
        "tslib": "^2.1.0"
      }
    },
    "@material/theme": {
      "version": "12.0.0-canary.22d29cbb4.0",
      "resolved": "https://registry.npmjs.org/@material/theme/-/theme-12.0.0-canary.22d29cbb4.0.tgz",
      "integrity": "sha512-r4xYCgc+CrbvDxCINVqXwAFWQ1WgV3s2+bUse/2iw53YqyemhhtzFjfp+DXLdC4zJSOuObWC45eaDKeseLMGMw==",
      "requires": {
        "@material/feature-targeting": "12.0.0-canary.22d29cbb4.0",
        "tslib": "^2.1.0"
      }
    },
    "@types/node": {
      "version": "16.4.7",
      "resolved": "https://registry.npmjs.org/@types/node/-/node-16.4.7.tgz",
      "integrity": "sha512-aDDY54sst8sx47CWT6QQqIZp45yURq4dic0+HCYfYNcY5Ejlb/CLmFnRLfy3wQuYafOeh3lB/DAKaqRKBtcZmA==",
      "dev": true
    },
    "@types/trusted-types": {
      "version": "1.0.6",
      "resolved": "https://registry.npmjs.org/@types/trusted-types/-/trusted-types-1.0.6.tgz",
      "integrity": "sha512-230RC8sFeHoT6sSUlRO6a8cAnclO06eeiq1QDfiv2FGCLWFvvERWgwIQD4FWqD9A69BN7Lzee4OXwoMVnnsWDw=="
    },
    "colorette": {
      "version": "1.2.2",
      "resolved": "https://registry.npmjs.org/colorette/-/colorette-1.2.2.tgz",
      "integrity": "sha512-MKGMzyfeuutC/ZJ1cba9NqcNpfeqMUcYmyF1ZFY6/Cn7CNSAKx6a+s48sqLqyAiZuaP2TcqMhoo+dlwFnVxT9w==",
      "dev": true
    },
    "esbuild": {
      "version": "0.12.17",
      "resolved": "https://registry.npmjs.org/esbuild/-/esbuild-0.12.17.tgz",
      "integrity": "sha512-GshKJyVYUnlSXIZj/NheC2O0Kblh42CS7P1wJyTbbIHevTG4jYMS9NNw8EOd8dDWD0dzydYHS01MpZoUcQXB4g==",
      "dev": true
    },
    "fsevents": {
      "version": "2.3.2",
      "resolved": "https://registry.npmjs.org/fsevents/-/fsevents-2.3.2.tgz",
      "integrity": "sha512-xiqMQR4xAeHTuB9uWm+fFRcIOgKBMiOBP+eXiyT7jsgVCq1bkVygt00oASowB7EdtpOHaaPgKt812P9ab+DDKA==",
      "dev": true,
      "optional": true
    },
    "function-bind": {
      "version": "1.1.1",
      "resolved": "https://registry.npmjs.org/function-bind/-/function-bind-1.1.1.tgz",
      "integrity": "sha512-yIovAzMX49sF8Yl58fSCWJ5svSLuaibPxXQJFLmBObTuCr0Mf1KiPopGM9NiFjiYBCbfaa2Fh6breQ6ANVTI0A==",
      "dev": true
    },
    "has": {
      "version": "1.0.3",
      "resolved": "https://registry.npmjs.org/has/-/has-1.0.3.tgz",
      "integrity": "sha512-f2dvO0VU6Oej7RkWJGrehjbzMAjFp5/VKPp5tTpWIV4JHHZK1/BxbFRtf/siA2SWTe09caDmVtYYzWEIbBS4zw==",
      "dev": true,
      "requires": {
        "function-bind": "^1.1.1"
      }
    },
    "is-core-module": {
      "version": "2.5.0",
      "resolved": "https://registry.npmjs.org/is-core-module/-/is-core-module-2.5.0.tgz",
      "integrity": "sha512-TXCMSDsEHMEEZ6eCA8rwRDbLu55MRGmrctljsBX/2v1d9/GzqHOxW5c5oPSgrUt2vBFXebu9rGqckXGPWOlYpg==",
      "dev": true,
      "requires": {
        "has": "^1.0.3"
      }
    },
    "lit": {
      "version": "2.0.0-rc.2",
      "resolved": "https://registry.npmjs.org/lit/-/lit-2.0.0-rc.2.tgz",
      "integrity": "sha512-BOCuoJR04WaTV8UqTKk09cNcQA10Aq2LCcBOiHuF7TzWH5RNDsbCBP5QM9sLBSotGTXbDug/gFO08jq6TbyEtw==",
      "requires": {
        "@lit/reactive-element": "^1.0.0-rc.2",
        "lit-element": "^3.0.0-rc.2",
        "lit-html": "^2.0.0-rc.3"
      },
      "dependencies": {
        "lit-element": {
          "version": "3.0.0-rc.2",
          "resolved": "https://registry.npmjs.org/lit-element/-/lit-element-3.0.0-rc.2.tgz",
          "integrity": "sha512-2Z7DabJ3b5K+p5073vFjMODoaWqy5PIaI4y6ADKm+fCGc8OnX9fU9dMoUEBZjFpd/bEFR9PBp050tUtBnT9XTQ==",
          "requires": {
            "@lit/reactive-element": "^1.0.0-rc.2",
            "lit-html": "^2.0.0-rc.3"
          }
        },
        "lit-html": {
          "version": "2.0.0-rc.3",
          "resolved": "https://registry.npmjs.org/lit-html/-/lit-html-2.0.0-rc.3.tgz",
          "integrity": "sha512-Y6P8LlAyQuqvzq6l/Nc4z5/P5M/rVLYKQIRxcNwSuGajK0g4kbcBFQqZmgvqKG+ak+dHZjfm2HUw9TF5N/pkCw==",
          "requires": {
            "@types/trusted-types": "^1.0.1"
          }
        }
      }
    },
    "lit-element": {
      "version": "2.5.1",
      "resolved": "https://registry.npmjs.org/lit-element/-/lit-element-2.5.1.tgz",
      "integrity": "sha512-ogu7PiJTA33bEK0xGu1dmaX5vhcRjBXCFexPja0e7P7jqLhTpNKYRPmE+GmiCaRVAbiQKGkUgkh/i6+bh++dPQ==",
      "requires": {
        "lit-html": "^1.1.1"
      }
    },
    "lit-html": {
      "version": "1.4.1",
      "resolved": "https://registry.npmjs.org/lit-html/-/lit-html-1.4.1.tgz",
      "integrity": "sha512-B9btcSgPYb1q4oSOb/PrOT6Z/H+r6xuNzfH4lFli/AWhYwdtrgQkQWBbIc6mdnf6E2IL3gDXdkkqNktpU0OZQA=="
    },
    "monaco-editor": {
      "version": "0.26.1",
      "resolved": "https://registry.npmjs.org/monaco-editor/-/monaco-editor-0.26.1.tgz",
      "integrity": "sha512-mm45nUrBDk0DgZKgbD7+bhDOtcAFNGPJJRAdS6Su1kTGl6XEgC7U3xOmDUW/0RrLf+jlvCGaqLvD4p2VjwuwwQ=="
    },
    "nanoid": {
      "version": "3.1.23",
      "resolved": "https://registry.npmjs.org/nanoid/-/nanoid-3.1.23.tgz",
      "integrity": "sha512-FiB0kzdP0FFVGDKlRLEQ1BgDzU87dy5NnzjeW9YZNt+/c3+q82EQDUwniSAUxp/F0gFNI1ZhKU1FqYsMuqZVnw==",
      "dev": true
    },
    "path-parse": {
      "version": "1.0.7",
      "resolved": "https://registry.npmjs.org/path-parse/-/path-parse-1.0.7.tgz",
      "integrity": "sha512-LDJzPVEEEPR+y48z93A0Ed0yXb8pAByGWo/k5YYdYgpY2/2EsOsksJrq7lOHxryrVOn1ejG6oAp8ahvOIQD8sw==",
      "dev": true
    },
    "postcss": {
      "version": "8.3.6",
      "resolved": "https://registry.npmjs.org/postcss/-/postcss-8.3.6.tgz",
      "integrity": "sha512-wG1cc/JhRgdqB6WHEuyLTedf3KIRuD0hG6ldkFEZNCjRxiC+3i6kkWUUbiJQayP28iwG35cEmAbe98585BYV0A==",
      "dev": true,
      "requires": {
        "colorette": "^1.2.2",
        "nanoid": "^3.1.23",
        "source-map-js": "^0.6.2"
      }
    },
    "resolve": {
      "version": "1.20.0",
      "resolved": "https://registry.npmjs.org/resolve/-/resolve-1.20.0.tgz",
      "integrity": "sha512-wENBPt4ySzg4ybFQW2TT1zMQucPK95HSh/nq2CFTZVOGut2+pQvSsgtda4d26YrYcr067wjbmzOG8byDPBX63A==",
      "dev": true,
      "requires": {
        "is-core-module": "^2.2.0",
        "path-parse": "^1.0.6"
      }
    },
    "rollup": {
      "version": "2.55.1",
      "resolved": "https://registry.npmjs.org/rollup/-/rollup-2.55.1.tgz",
      "integrity": "sha512-1P9w5fpb6b4qroePh8vHKGIvPNxwoCQhjJpIqfZGHLKpZ0xcU2/XBmFxFbc9697/6bmHpmFTLk5R1dAQhFSo0g==",
      "dev": true,
      "requires": {
        "fsevents": "~2.3.2"
      }
    },
    "source-map-js": {
      "version": "0.6.2",
      "resolved": "https://registry.npmjs.org/source-map-js/-/source-map-js-0.6.2.tgz",
      "integrity": "sha512-/3GptzWzu0+0MBQFrDKzw/DvvMTUORvgY6k6jd/VS6iCR4RDTKWH6v6WPwQoUO8667uQEf9Oe38DxAYWY5F/Ug==",
      "dev": true
    },
    "tslib": {
      "version": "2.3.0",
      "resolved": "https://registry.npmjs.org/tslib/-/tslib-2.3.0.tgz",
      "integrity": "sha512-N82ooyxVNm6h1riLCoyS9e3fuJ3AMG2zIZs2Gd1ATcSFjSA23Q0fzjjZeh0jbJvWVDZ0cJT8yaNNaaXHzueNjg=="
    },
    "typescript": {
      "version": "4.3.5",
      "resolved": "https://registry.npmjs.org/typescript/-/typescript-4.3.5.tgz",
      "integrity": "sha512-DqQgihaQ9cUrskJo9kIyW/+g0Vxsk8cDtZ52a3NGh0YNTfpUSArXSohyUGnvbPazEPLu398C0UxmKSOrPumUzA==",
      "dev": true
    },
    "vite": {
      "version": "2.4.4",
      "resolved": "https://registry.npmjs.org/vite/-/vite-2.4.4.tgz",
      "integrity": "sha512-m1wK6pFJKmaYA6AeZIUXyiAgUAAJzVXhIMYCdZUpCaFMGps0v0IlNJtbmPvkUhVEyautalajmnW5X6NboUPsnw==",
      "dev": true,
      "requires": {
        "esbuild": "^0.12.8",
        "fsevents": "~2.3.2",
        "postcss": "^8.3.6",
        "resolve": "^1.20.0",
        "rollup": "^2.38.5"
      }
    }
  }
}
